
Microsoft Visual Studio Solution File, Format Version 12.00
# Visual Studio Version 16
VisualStudioVersion = 16.0.31105.61
MinimumVisualStudioVersion = 10.0.40219.1
Project("{FAE04EC0-301F-11D3-BF4B-00C04F79EFBC}") = "Lab3.1StudentInformation", "Lab3.1StudentInformation\Lab3.1StudentInformation.csproj", "{C1FDB17A-C107-4252-A5EC-78BBD90D5EEF}"
EndProject
Global
	GlobalSection(SolutionConfigurationPlatforms) = preSolution
		Debug|Any CPU = Debug|Any CPU
		Release|Any CPU = Release|Any CPU
	EndGlobalSection
	GlobalSection(ProjectConfigurationPlatforms) = postSolution
		{C1FDB17A-C107-4252-A5EC-78BBD90D5EEF}.Debug|Any CPU.ActiveCfg = Debug|Any CPU
		{C1FDB17A-C107-4252-A5EC-78BBD90D5EEF}.Debug|Any CPU.Build.0 = Debug|Any CPU
		{C1FDB17A-C107-4252-A5EC-78BBD90D5EEF}.Release|Any CPU.ActiveCfg = Release|Any CPU
		{C1FDB17A-C107-4252-A5EC-78BBD90D5EEF}.Release|Any CPU.Build.0 = Release|Any CPU
	EndGlobalSection
	GlobalSection(SolutionProperties) = preSolution
		HideSolutionNode = FALSE
	EndGlobalSection
	GlobalSection(ExtensibilityGlobals) = postSolution
		SolutionGuid = {6965BB3D-81FF-4A3B-9C76-172E226C5788}
	EndGlobalSection
EndGlobal
